Microsoft Visual Studio Solution File, Format Version 11.00
# Visual Studio 2008

Project("{330D5BA5-3893-6DC2-E69A-D631B5E6FBE3}") = "LookandTap", "Assembly-CSharp-vs.csproj", "{33FB0EEF-8C45-F18C-1A54-BA12742A3796}"
EndProject
Project("{330D5BA5-3893-6DC2-E69A-D631B5E6FBE3}") = "LookandTap", "Assembly-CSharp-Editor-vs.csproj", "{02311271-B54E-56A8-D0E1-39D0E698192D}"
EndProject
Global
	GlobalSection(SolutionConfigurationPlatforms) = preSolution
		Debug|Any CPU = Debug|Any CPU
		Release|Any CPU = Release|Any CPU
	EndGlobalSection
	GlobalSection(ProjectConfigurationPlatforms) = postSolution
		{33FB0EEF-8C45-F18C-1A54-BA12742A3796}.Debug|Any CPU.ActiveCfg = Debug|Any CPU
		{33FB0EEF-8C45-F18C-1A54-BA12742A3796}.Debug|Any CPU.Build.0 = Debug|Any CPU
		{33FB0EEF-8C45-F18C-1A54-BA12742A3796}.Release|Any CPU.ActiveCfg = Release|Any CPU
		{33FB0EEF-8C45-F18C-1A54-BA12742A3796}.Release|Any CPU.Build.0 = Release|Any CPU
		{02311271-B54E-56A8-D0E1-39D0E698192D}.Debug|Any CPU.ActiveCfg = Debug|Any CPU
		{02311271-B54E-56A8-D0E1-39D0E698192D}.Debug|Any CPU.Build.0 = Debug|Any CPU
		{02311271-B54E-56A8-D0E1-39D0E698192D}.Release|Any CPU.ActiveCfg = Release|Any CPU
		{02311271-B54E-56A8-D0E1-39D0E698192D}.Release|Any CPU.Build.0 = Release|Any CPU
	EndGlobalSection
	GlobalSection(SolutionProperties) = preSolution
		HideSolutionNode = FALSE
	EndGlobalSection
																																													GlobalSection(MonoDevelopProperties) = preSolution
		StartupItem = Assembly-CSharp.csproj
		Policies = $0
		$0.TextStylePolicy = $1
		$1.inheritsSet = null
		$1.scope = text/x-csharp
		$0.CSharpFormattingPolicy = $2
		$2.inheritsSet = Mono
		$2.inheritsScope = text/x-csharp
		$2.scope = text/x-csharp
		$0.TextStylePolicy = $3
		$3.FileWidth = 120
		$3.TabWidth = 4
		$3.IndentWidth = 4
		$3.EolMarker = Unix
		$3.inheritsSet = Mono
		$3.inheritsScope = text/plain
		$3.scope = text/plain
	EndGlobalSection

EndGlobal
